
Microsoft Visual Studio Solution File, Format Version 12.00
# Visual Studio Version 17
VisualStudioVersion = 17.8.34408.163
MinimumVisualStudioVersion = 10.0.40219.1
Project("{8BC9CEB8-8B4A-11D0-8D11-00A0C91BC942}") = "HuffmanSLN", "HuffmanSLN\HuffmanSLN.vcxproj", "{E5AB13F8-B3D8-4201-875F-581C79695BEC}"
EndProject
Project("{8BC9CEB8-8B4A-11D0-8D11-00A0C91BC942}") = "HfmCompressCPro", "HfmCompressCPro\HfmCompressCPro.vcxproj", "{A2A58EA9-17AC-40E6-A082-6BE2DBCB4091}"
EndProject
Global
	GlobalSection(SolutionConfigurationPlatforms) = preSolution
		Debug|x64 = Debug|x64
		Debug|x86 = Debug|x86
		Release|x64 = Release|x64
		Release|x86 = Release|x86
	EndGlobalSection
	GlobalSection(ProjectConfigurationPlatforms) = postSolution
		{E5AB13F8-B3D8-4201-875F-581C79695BEC}.Debug|x64.ActiveCfg = Debug|x64
		{E5AB13F8-B3D8-4201-875F-581C79695BEC}.Debug|x64.Build.0 = Debug|x64
		{E5AB13F8-B3D8-4201-875F-581C79695BEC}.Debug|x86.ActiveCfg = Debug|Win32
		{E5AB13F8-B3D8-4201-875F-581C79695BEC}.Debug|x86.Build.0 = Debug|Win32
		{E5AB13F8-B3D8-4201-875F-581C79695BEC}.Release|x64.ActiveCfg = Release|x64
		{E5AB13F8-B3D8-4201-875F-581C79695BEC}.Release|x64.Build.0 = Release|x64
		{E5AB13F8-B3D8-4201-875F-581C79695BEC}.Release|x86.ActiveCfg = Release|Win32
		{E5AB13F8-B3D8-4201-875F-581C79695BEC}.Release|x86.Build.0 = Release|Win32
		{A2A58EA9-17AC-40E6-A082-6BE2DBCB4091}.Debug|x64.ActiveCfg = Debug|x64
		{A2A58EA9-17AC-40E6-A082-6BE2DBCB4091}.Debug|x64.Build.0 = Debug|x64
		{A2A58EA9-17AC-40E6-A082-6BE2DBCB4091}.Debug|x86.ActiveCfg = Debug|Win32
		{A2A58EA9-17AC-40E6-A082-6BE2DBCB4091}.Debug|x86.Build.0 = Debug|Win32
		{A2A58EA9-17AC-40E6-A082-6BE2DBCB4091}.Release|x64.ActiveCfg = Release|x64
		{A2A58EA9-17AC-40E6-A082-6BE2DBCB4091}.Release|x64.Build.0 = Release|x64
		{A2A58EA9-17AC-40E6-A082-6BE2DBCB4091}.Release|x86.ActiveCfg = Release|Win32
		{A2A58EA9-17AC-40E6-A082-6BE2DBCB4091}.Release|x86.Build.0 = Release|Win32
	EndGlobalSection
	GlobalSection(SolutionProperties) = preSolution
		HideSolutionNode = FALSE
	EndGlobalSection
	GlobalSection(ExtensibilityGlobals) = postSolution
		SolutionGuid = {255236E5-55E4-4CCE-9A45-82A533AA177A}
	EndGlobalSection
EndGlobal
